
Microsoft Visual Studio Solution File, Format Version 12.00
# Visual Studio 14
VisualStudioVersion = 14.0.25420.1
MinimumVisualStudioVersion = 10.0.40219.1
Project("{8BB2217D-0F2D-49D1-97BC-3654ED321F3B}") = "SharpNinja.PetsciiConverter", "SharpNinja.PetsciiConverter\SharpNinja.PetsciiConverter.xproj", "{8CFED458-1971-481B-8190-DBC8992ED787}"
EndProject
Project("{8BB2217D-0F2D-49D1-97BC-3654ED321F3B}") = "CommandLineCore", "CommandLineCore\CommandLineCore.xproj", "{360BBCD8-C79E-4171-9E97-6A3C09C6F4FA}"
EndProject
Global
	GlobalSection(SolutionConfigurationPlatforms) = preSolution
		Debug|Any CPU = Debug|Any CPU
		Release|Any CPU = Release|Any CPU
	EndGlobalSection
	GlobalSection(ProjectConfigurationPlatforms) = postSolution
		{8CFED458-1971-481B-8190-DBC8992ED787}.Debug|Any CPU.ActiveCfg = Debug|Any CPU
		{8CFED458-1971-481B-8190-DBC8992ED787}.Debug|Any CPU.Build.0 = Debug|Any CPU
		{8CFED458-1971-481B-8190-DBC8992ED787}.Release|Any CPU.ActiveCfg = Release|Any CPU
		{8CFED458-1971-481B-8190-DBC8992ED787}.Release|Any CPU.Build.0 = Release|Any CPU
		{360BBCD8-C79E-4171-9E97-6A3C09C6F4FA}.Debug|Any CPU.ActiveCfg = Debug|Any CPU
		{360BBCD8-C79E-4171-9E97-6A3C09C6F4FA}.Debug|Any CPU.Build.0 = Debug|Any CPU
		{360BBCD8-C79E-4171-9E97-6A3C09C6F4FA}.Release|Any CPU.ActiveCfg = Release|Any CPU
		{360BBCD8-C79E-4171-9E97-6A3C09C6F4FA}.Release|Any CPU.Build.0 = Release|Any CPU
	EndGlobalSection
	GlobalSection(SolutionProperties) = preSolution
		HideSolutionNode = FALSE
	EndGlobalSection
EndGlobal
